// !$*UTF8*$!
{
	archiveVersion = 1;
	classes = {
	};
	objectVersion = 51;
	objects = {

/* Begin PBXBuildFile section */
		58E304B1DE21CCF7AF333269 /* Pods_ParsePhotoApp.framework in Frameworks */ = {isa = PBXBuildFile; fileRef = 3BD238580B433540F30F6C4A /* Pods_ParsePhotoApp.framework */; };
		DA75FF5526D4C37500C8988C /* AppDelegate.swift in Sources */ = {isa = PBXBuildFile; fileRef = DA75FF5426D4C37500C8988C /* AppDelegate.swift */; };
		DA75FF5726D4C37500C8988C /* SceneDelegate.swift in Sources */ = {isa = PBXBuildFile; fileRef = DA75FF5626D4C37500C8988C /* SceneDelegate.swift */; };
		DA75FF5926D4C37500C8988C /* ViewController.swift in Sources */ = {isa = PBXBuildFile; fileRef = DA75FF5826D4C37500C8988C /* ViewController.swift */; };
		DA75FF5C26D4C37500C8988C /* Main.storyboard in Resources */ = {isa = PBXBuildFile; fileRef = DA75FF5A26D4C37500C8988C /* Main.storyboard */; };
		DA75FF5E26D4C37600C8988C /* Assets.xcassets in Resources */ = {isa = PBXBuildFile; fileRef = DA75FF5D26D4C37600C8988C /* Assets.xcassets */; };
		DA75FF6126D4C37600C8988C /* LaunchScreen.storyboard in Resources */ = {isa = PBXBuildFile; fileRef = DA75FF5F26D4C37600C8988C /* LaunchScreen.storyboard */; };
		DA75FF6926D4D96D00C8988C /* ParseVeriGonderCek.swift in Sources */ = {isa = PBXBuildFile; fileRef = DA75FF6826D4D96D00C8988C /* ParseVeriGonderCek.swift */; };
		DA75FF6C26D4DC9B00C8988C /* FeedViewController.swift in Sources */ = {isa = PBXBuildFile; fileRef = DA75FF6B26D4DC9B00C8988C /* FeedViewController.swift */; };
		DA75FF6E26D4DCB100C8988C /* UploadViewController.swift in Sources */ = {isa = PBXBuildFile; fileRef = DA75FF6D26D4DCB100C8988C /* UploadViewController.swift */; };
		DA75FF7026D4E98100C8988C /* SettingsViewController.swift in Sources */ = {isa = PBXBuildFile; fileRef = DA75FF6F26D4E98100C8988C /* SettingsViewController.swift */; };
		DAA6758226D596FA0033B112 /* FeedTableViewCell.swift in Sources */ = {isa = PBXBuildFile; fileRef = DAA6758126D596FA0033B112 /* FeedTableViewCell.swift */; };
		DAA6758426D598780033B112 /* PostModel.swift in Sources */ = {isa = PBXBuildFile; fileRef = DAA6758326D598780033B112 /* PostModel.swift */; };
/* End PBXBuildFile section */

/* Begin PBXFileReference section */
		34BDB6D640C3EE41C3BD2BBF /* Pods-ParsePhotoApp.debug.xcconfig */ = {isa = PBXFileReference; includeInIndex = 1; lastKnownFileType = text.xcconfig; name = "Pods-ParsePhotoApp.debug.xcconfig"; path = "Target Support Files/Pods-ParsePhotoApp/Pods-ParsePhotoApp.debug.xcconfig"; sourceTree = "<group>"; };
		3BD238580B433540F30F6C4A /* Pods_ParsePhotoApp.framework */ = {isa = PBXFileReference; explicitFileType = wrapper.framework; includeInIndex = 0; path = Pods_ParsePhotoApp.framework; sourceTree = BUILT_PRODUCTS_DIR; };
		9B59CE5381C4812A29F30BB6 /* Pods-ParsePhotoApp.release.xcconfig */ = {isa = PBXFileReference; includeInIndex = 1; lastKnownFileType = text.xcconfig; name = "Pods-ParsePhotoApp.release.xcconfig"; path = "Target Support Files/Pods-ParsePhotoApp/Pods-ParsePhotoApp.release.xcconfig"; sourceTree = "<group>"; };
		DA75FF5126D4C37500C8988C /* ParsePhotoApp.app */ = {isa = PBXFileReference; explicitFileType = wrapper.application; includeInIndex = 0; path = ParsePhotoApp.app; sourceTree = BUILT_PRODUCTS_DIR; };
		DA75FF5426D4C37500C8988C /* AppDelegate.swift */ = {isa = PBXFileReference; lastKnownFileType = sourcecode.swift; path = AppDelegate.swift; sourceTree = "<group>"; };
		DA75FF5626D4C37500C8988C /* SceneDelegate.swift */ = {isa = PBXFileReference; lastKnownFileType = sourcecode.swift; path = SceneDelegate.swift; sourceTree = "<group>"; };
		DA75FF5826D4C37500C8988C /* ViewController.swift */ = {isa = PBXFileReference; lastKnownFileType = sourcecode.swift; path = ViewController.swift; sourceTree = "<group>"; };
		DA75FF5B26D4C37500C8988C /* Base */ = {isa = PBXFileReference; lastKnownFileType = file.storyboard; name = Base; path = Base.lproj/Main.storyboard; sourceTree = "<group>"; };
		DA75FF5D26D4C37600C8988C /* Assets.xcassets */ = {isa = PBXFileReference; lastKnownFileType = folder.assetcatalog; path = Assets.xcassets; sourceTree = "<group>"; };
		DA75FF6026D4C37600C8988C /* Base */ = {isa = PBXFileReference; lastKnownFileType = file.storyboard; name = Base; path = Base.lproj/LaunchScreen.storyboard; sourceTree = "<group>"; };
		DA75FF6226D4C37600C8988C /* Info.plist */ = {isa = PBXFileReference; lastKnownFileType = text.plist.xml; path = Info.plist; sourceTree = "<group>"; };
		DA75FF6826D4D96D00C8988C /* ParseVeriGonderCek.swift */ = {isa = PBXFileReference; fileEncoding = 4; lastKnownFileType = sourcecode.swift; path = ParseVeriGonderCek.swift; sourceTree = "<group>"; };
		DA75FF6B26D4DC9B00C8988C /* FeedViewController.swift */ = {isa = PBXFileReference; lastKnownFileType = sourcecode.swift; path = FeedViewController.swift; sourceTree = "<group>"; };
		DA75FF6D26D4DCB100C8988C /* UploadViewController.swift */ = {isa = PBXFileReference; lastKnownFileType = sourcecode.swift; path = UploadViewController.swift; sourceTree = "<group>"; };
		DA75FF6F26D4E98100C8988C /* SettingsViewController.swift */ = {isa = PBXFileReference; lastKnownFileType = sourcecode.swift; path = SettingsViewController.swift; sourceTree = "<group>"; };
		DAA6758126D596FA0033B112 /* FeedTableViewCell.swift */ = {isa = PBXFileReference; lastKnownFileType = sourcecode.swift; path = FeedTableViewCell.swift; sourceTree = "<group>"; };
		DAA6758326D598780033B112 /* PostModel.swift */ = {isa = PBXFileReference; lastKnownFileType = sourcecode.swift; path = PostModel.swift; sourceTree = "<group>"; };
/* End PBXFileReference section */

/* Begin PBXFrameworksBuildPhase section */
		DA75FF4E26D4C37500C8988C /* Frameworks */ = {
			isa = PBXFrameworksBuildPhase;
			buildActionMask = 2147483647;
			files = (
				58E304B1DE21CCF7AF333269 /* Pods_ParsePhotoApp.framework in Frameworks */,
			);
			runOnlyForDeploymentPostprocessing = 0;
		};
/* End PBXFrameworksBuildPhase section */

/* Begin PBXGroup section */
		2CD98427C620B511E371F896 /* Frameworks */ = {
			isa = PBXGroup;
			children = (
				3BD238580B433540F30F6C4A /* Pods_ParsePhotoApp.framework */,
			);
			name = Frameworks;
			sourceTree = "<group>";
		};
		404AB0FF3358DE4019B00E10 /* Pods */ = {
			isa = PBXGroup;
			children = (
				34BDB6D640C3EE41C3BD2BBF /* Pods-ParsePhotoApp.debug.xcconfig */,
				9B59CE5381C4812A29F30BB6 /* Pods-ParsePhotoApp.release.xcconfig */,
			);
			path = Pods;
			sourceTree = "<group>";
		};
		DA75FF4826D4C37500C8988C = {
			isa = PBXGroup;
			children = (
				DA75FF5326D4C37500C8988C /* ParsePhotoApp */,
				DA75FF5226D4C37500C8988C /* Products */,
				404AB0FF3358DE4019B00E10 /* Pods */,
				2CD98427C620B511E371F896 /* Frameworks */,
			);
			sourceTree = "<group>";
		};
		DA75FF5226D4C37500C8988C /* Products */ = {
			isa = PBXGroup;
			children = (
				DA75FF5126D4C37500C8988C /* ParsePhotoApp.app */,
			);
			name = Products;
			sourceTree = "<group>";
		};
		DA75FF5326D4C37500C8988C /* ParsePhotoApp */ = {
			isa = PBXGroup;
			children = (
				DA75FF6A26D4D99400C8988C /* Veri Gönderip Alma Kodları */,
				DA75FF5426D4C37500C8988C /* AppDelegate.swift */,
				DA75FF5626D4C37500C8988C /* SceneDelegate.swift */,
				DA75FF5826D4C37500C8988C /* ViewController.swift */,
				DA75FF6B26D4DC9B00C8988C /* FeedViewController.swift */,
				DAA6758126D596FA0033B112 /* FeedTableViewCell.swift */,
				DA75FF6D26D4DCB100C8988C /* UploadViewController.swift */,
				DA75FF6F26D4E98100C8988C /* SettingsViewController.swift */,
				DAA6758326D598780033B112 /* PostModel.swift */,
				DA75FF5A26D4C37500C8988C /* Main.storyboard */,
				DA75FF5D26D4C37600C8988C /* Assets.xcassets */,
				DA75FF5F26D4C37600C8988C /* LaunchScreen.storyboard */,
				DA75FF6226D4C37600C8988C /* Info.plist */,
			);
			path = ParsePhotoApp;
			sourceTree = "<group>";
		};
		DA75FF6A26D4D99400C8988C /* Veri Gönderip Alma Kodları */ = {
			isa = PBXGroup;
			children = (
				DA75FF6826D4D96D00C8988C /* ParseVeriGonderCek.swift */,
			);
			name = "Veri Gönderip Alma Kodları";
			path = "Veri Gönderip Alma Kodları";
			sourceTree = "<group>";
		};
/* End PBXGroup section */

/* Begin PBXNativeTarget section */
		DA75FF5026D4C37500C8988C /* ParsePhotoApp */ = {
			isa = PBXNativeTarget;
			buildConfigurationList = DA75FF6526D4C37600C8988C /* Build configuration list for PBXNativeTarget "ParsePhotoApp" */;
			buildPhases = (
				25195E8790AB46B4892C0E76 /* [CP] Check Pods Manifest.lock */,
				DA75FF4D26D4C37500C8988C /* Sources */,
				DA75FF4E26D4C37500C8988C /* Frameworks */,
				DA75FF4F26D4C37500C8988C /* Resources */,
				8CA2D1E503FF3BEAF6BAD353 /* [CP] Embed Pods Frameworks */,
			);
			buildRules = (
			);
			dependencies = (
			);
			name = ParsePhotoApp;
			productName = ParsePhotoApp;
			productReference = DA75FF5126D4C37500C8988C /* ParsePhotoApp.app */;
			productType = "com.apple.product-type.application";
		};
/* End PBXNativeTarget section */

/* Begin PBXProject section */
		DA75FF4926D4C37500C8988C /* Project object */ = {
			isa = PBXProject;
			attributes = {
				LastSwiftUpdateCheck = 1250;
				LastUpgradeCheck = 1250;
				TargetAttributes = {
					DA75FF5026D4C37500C8988C = {
						CreatedOnToolsVersion = 12.5.1;
					};
				};
			};
			buildConfigurationList = DA75FF4C26D4C37500C8988C /* Build configuration list for PBXProject "ParsePhotoApp" */;
			compatibilityVersion = "Xcode 9.3";
			developmentRegion = en;
			hasScannedForEncodings = 0;
			knownRegions = (
				en,
				Base,
			);
			mainGroup = DA75FF4826D4C37500C8988C;
			productRefGroup = DA75FF5226D4C37500C8988C /* Products */;
			projectDirPath = "";
			projectRoot = "";
			targets = (
				DA75FF5026D4C37500C8988C /* ParsePhotoApp */,
			);
		};
/* End PBXProject section */

/* Begin PBXResourcesBuildPhase section */
		DA75FF4F26D4C37500C8988C /* Resources */ = {
			isa = PBXResourcesBuildPhase;
			buildActionMask = 2147483647;
			files = (
				DA75FF6126D4C37600C8988C /* LaunchScreen.storyboard in Resources */,
				DA75FF5E26D4C37600C8988C /* Assets.xcassets in Resources */,
				DA75FF5C26D4C37500C8988C /* Main.storyboard in Resources */,
			);
			runOnlyForDeploymentPostprocessing = 0;
		};
/* End PBXResourcesBuildPhase section */

/* Begin PBXShellScriptBuildPhase section */
		25195E8790AB46B4892C0E76 /* [CP] Check Pods Manifest.lock */ = {
			isa = PBXShellScriptBuildPhase;
			buildActionMask = 2147483647;
			files = (
			);
			inputFileListPaths = (
			);
			inputPaths = (
				"${PODS_PODFILE_DIR_PATH}/Podfile.lock",
				"${PODS_ROOT}/Manifest.lock",
			);
			name = "[CP] Check Pods Manifest.lock";
			outputFileListPaths = (
			);
			outputPaths = (
				"$(DERIVED_FILE_DIR)/Pods-ParsePhotoApp-checkManifestLockResult.txt",
			);
			runOnlyForDeploymentPostprocessing = 0;
			shellPath = /bin/sh;
			shellScript = "diff \"${PODS_PODFILE_DIR_PATH}/Podfile.lock\" \"${PODS_ROOT}/Manifest.lock\" > /dev/null\nif [ $? != 0 ] ; then\n    # print error to STDERR\n    echo \"error: The sandbox is not in sync with the Podfile.lock. Run 'pod install' or update your CocoaPods installation.\" >&2\n    exit 1\nfi\n# This output is used by Xcode 'outputs' to avoid re-running this script phase.\necho \"SUCCESS\" > \"${SCRIPT_OUTPUT_FILE_0}\"\n";
			showEnvVarsInLog = 0;
		};
		8CA2D1E503FF3BEAF6BAD353 /* [CP] Embed Pods Frameworks */ = {
			isa = PBXShellScriptBuildPhase;
			buildActionMask = 2147483647;
			files = (
			);
			inputFileListPaths = (
				"${PODS_ROOT}/Target Support Files/Pods-ParsePhotoApp/Pods-ParsePhotoApp-frameworks-${CONFIGURATION}-input-files.xcfilelist",
			);
			name = "[CP] Embed Pods Frameworks";
			outputFileListPaths = (
				"${PODS_ROOT}/Target Support Files/Pods-ParsePhotoApp/Pods-ParsePhotoApp-frameworks-${CONFIGURATION}-output-files.xcfilelist",
			);
			runOnlyForDeploymentPostprocessing = 0;
			shellPath = /bin/sh;
			shellScript = "\"${PODS_ROOT}/Target Support Files/Pods-ParsePhotoApp/Pods-ParsePhotoApp-frameworks.sh\"\n";
			showEnvVarsInLog = 0;
		};
/* End PBXShellScriptBuildPhase section */

/* Begin PBXSourcesBuildPhase section */
		DA75FF4D26D4C37500C8988C /* Sources */ = {
			isa = PBXSourcesBuildPhase;
			buildActionMask = 2147483647;
			files = (
				DA75FF5926D4C37500C8988C /* ViewController.swift in Sources */,
				DAA6758426D598780033B112 /* PostModel.swift in Sources */,
				DAA6758226D596FA0033B112 /* FeedTableViewCell.swift in Sources */,
				DA75FF6E26D4DCB100C8988C /* UploadViewController.swift in Sources */,
				DA75FF7026D4E98100C8988C /* SettingsViewController.swift in Sources */,
				DA75FF5526D4C37500C8988C /* AppDelegate.swift in Sources */,
				DA75FF6C26D4DC9B00C8988C /* FeedViewController.swift in Sources */,
				DA75FF6926D4D96D00C8988C /* ParseVeriGonderCek.swift in Sources */,
				DA75FF5726D4C37500C8988C /* SceneDelegate.swift in Sources */,
			);
			runOnlyForDeploymentPostprocessing = 0;
		};
/* End PBXSourcesBuildPhase section */

/* Begin PBXVariantGroup section */
		DA75FF5A26D4C37500C8988C /* Main.storyboard */ = {
			isa = PBXVariantGroup;
			children = (
				DA75FF5B26D4C37500C8988C /* Base */,
			);
			name = Main.storyboard;
			sourceTree = "<group>";
		};
		DA75FF5F26D4C37600C8988C /* LaunchScreen.storyboard */ = {
			isa = PBXVariantGroup;
			children = (
				DA75FF6026D4C37600C8988C /* Base */,
			);
			name = LaunchScreen.storyboard;
			sourceTree = "<group>";
		};
/* End PBXVariantGroup section */

/* Begin XCBuildConfiguration section */
		DA75FF6326D4C37600C8988C /* Debug */ = {
			isa = XCBuildConfiguration;
			buildSettings = {
				ALWAYS_SEARCH_USER_PATHS = NO;
				CLANG_ANALYZER_NONNULL = YES;
				CLANG_ANALYZER_NUMBER_OBJECT_CONVERSION = YES_AGGRESSIVE;
				CLANG_CXX_LANGUAGE_STANDARD = "gnu++14";
				CLANG_CXX_LIBRARY = "libc++";
				CLANG_ENABLE_MODULES = YES;
				CLANG_ENABLE_OBJC_ARC = YES;
				CLANG_ENABLE_OBJC_WEAK = YES;
				CLANG_WARN_BLOCK_CAPTURE_AUTORELEASING = YES;
				CLANG_WARN_BOOL_CONVERSION = YES;
				CLANG_WARN_COMMA = YES;
				CLANG_WARN_CONSTANT_CONVERSION = YES;
				CLANG_WARN_DEPRECATED_OBJC_IMPLEMENTATIONS = YES;
				CLANG_WARN_DIRECT_OBJC_ISA_USAGE = YES_ERROR;
				CLANG_WARN_DOCUMENTATION_COMMENTS = YES;
				CLANG_WARN_EMPTY_BODY = YES;
				CLANG_WARN_ENUM_CONVERSION = YES;
				CLANG_WARN_INFINITE_RECURSION = YES;
				CLANG_WARN_INT_CONVERSION = YES;
				CLANG_WARN_NON_LITERAL_NULL_CONVERSION = YES;
				CLANG_WARN_OBJC_IMPLICIT_RETAIN_SELF = YES;
				CLANG_WARN_OBJC_LITERAL_CONVERSION = YES;
				CLANG_WARN_OBJC_ROOT_CLASS = YES_ERROR;
				CLANG_WARN_QUOTED_INCLUDE_IN_FRAMEWORK_HEADER = YES;
				CLANG_WARN_RANGE_LOOP_ANALYSIS = YES;
				CLANG_WARN_STRICT_PROTOTYPES = YES;
				CLANG_WARN_SUSPICIOUS_MOVE = YES;
				CLANG_WARN_UNGUARDED_AVAILABILITY = YES_AGGRESSIVE;
				CLANG_WARN_UNREACHABLE_CODE = YES;
				CLANG_WARN__DUPLICATE_METHOD_MATCH = YES;
				COPY_PHASE_STRIP = NO;
				DEBUG_INFORMATION_FORMAT = dwarf;
				ENABLE_STRICT_OBJC_MSGSEND = YES;
				ENABLE_TESTABILITY = YES;
				GCC_C_LANGUAGE_STANDARD = gnu11;
				GCC_DYNAMIC_NO_PIC = NO;
				GCC_NO_COMMON_BLOCKS = YES;
				GCC_OPTIMIZATION_LEVEL = 0;
				GCC_PREPROCESSOR_DEFINITIONS = (
					"DEBUG=1",
					"$(inherited)",
				);
				GCC_WARN_64_TO_32_BIT_CONVERSION = YES;
				GCC_WARN_ABOUT_RETURN_TYPE = YES_ERROR;
				GCC_WARN_UNDECLARED_SELECTOR = YES;
				GCC_WARN_UNINITIALIZED_AUTOS = YES_AGGRESSIVE;
				GCC_WARN_UNUSED_FUNCTION = YES;
				GCC_WARN_UNUSED_VARIABLE = YES;
				IPHONEOS_DEPLOYMENT_TARGET = 14.5;
				MTL_ENABLE_DEBUG_INFO = INCLUDE_SOURCE;
				MTL_FAST_MATH = YES;
				ONLY_ACTIVE_ARCH = YES;
				SDKROOT = iphoneos;
				SWIFT_ACTIVE_COMPILATION_CONDITIONS = DEBUG;
				SWIFT_OPTIMIZATION_LEVEL = "-Onone";
			};
			name = Debug;
		};
		DA75FF6426D4C37600C8988C /* Release */ = {
			isa = XCBuildConfiguration;
			buildSettings = {
				ALWAYS_SEARCH_USER_PATHS = NO;
				CLANG_ANALYZER_NONNULL = YES;
				CLANG_ANALYZER_NUMBER_OBJECT_CONVERSION = YES_AGGRESSIVE;
				CLANG_CXX_LANGUAGE_STANDARD = "gnu++14";
				CLANG_CXX_LIBRARY = "libc++";
				CLANG_ENABLE_MODULES = YES;
				CLANG_ENABLE_OBJC_ARC = YES;
				CLANG_ENABLE_OBJC_WEAK = YES;
				CLANG_WARN_BLOCK_CAPTURE_AUTORELEASING = YES;
				CLANG_WARN_BOOL_CONVERSION = YES;
				CLANG_WARN_COMMA = YES;
				CLANG_WARN_CONSTANT_CONVERSION = YES;
				CLANG_WARN_DEPRECATED_OBJC_IMPLEMENTATIONS = YES;
				CLANG_WARN_DIRECT_OBJC_ISA_USAGE = YES_ERROR;
				CLANG_WARN_DOCUMENTATION_COMMENTS = YES;
				CLANG_WARN_EMPTY_BODY = YES;
				CLANG_WARN_ENUM_CONVERSION = YES;
				CLANG_WARN_INFINITE_RECURSION = YES;
				CLANG_WARN_INT_CONVERSION = YES;
				CLANG_WARN_NON_LITERAL_NULL_CONVERSION = YES;
				CLANG_WARN_OBJC_IMPLICIT_RETAIN_SELF = YES;
				CLANG_WARN_OBJC_LITERAL_CONVERSION = YES;
				CLANG_WARN_OBJC_ROOT_CLASS = YES_ERROR;
				CLANG_WARN_QUOTED_INCLUDE_IN_FRAMEWORK_HEADER = YES;
				CLANG_WARN_RANGE_LOOP_ANALYSIS = YES;
				CLANG_WARN_STRICT_PROTOTYPES = YES;
				CLANG_WARN_SUSPICIOUS_MOVE = YES;
				CLANG_WARN_UNGUARDED_AVAILABILITY = YES_AGGRESSIVE;
				CLANG_WARN_UNREACHABLE_CODE = YES;
				CLANG_WARN__DUPLICATE_METHOD_MATCH = YES;
				COPY_PHASE_STRIP = NO;
				DEBUG_INFORMATION_FORMAT = "dwarf-with-dsym";
				ENABLE_NS_ASSERTIONS = NO;
				ENABLE_STRICT_OBJC_MSGSEND = YES;
				GCC_C_LANGUAGE_STANDARD = gnu11;
				GCC_NO_COMMON_BLOCKS = YES;
				GCC_WARN_64_TO_32_BIT_CONVERSION = YES;
				GCC_WARN_ABOUT_RETURN_TYPE = YES_ERROR;
				GCC_WARN_UNDECLARED_SELECTOR = YES;
				GCC_WARN_UNINITIALIZED_AUTOS = YES_AGGRESSIVE;
				GCC_WARN_UNUSED_FUNCTION = YES;
				GCC_WARN_UNUSED_VARIABLE = YES;
				IPHONEOS_DEPLOYMENT_TARGET = 14.5;
				MTL_ENABLE_DEBUG_INFO = NO;
				MTL_FAST_MATH = YES;
				SDKROOT = iphoneos;
				SWIFT_COMPILATION_MODE = wholemodule;
				SWIFT_OPTIMIZATION_LEVEL = "-O";
				VALIDATE_PRODUCT = YES;
			};
			name = Release;
		};
		DA75FF6626D4C37600C8988C /* Debug */ = {
			isa = XCBuildConfiguration;
			baseConfigurationReference = 34BDB6D640C3EE41C3BD2BBF /* Pods-ParsePhotoApp.debug.xcconfig */;
			buildSettings = {
				ASSETCATALOG_COMPILER_APPICON_NAME = AppIcon;
				ASSETCATALOG_COMPILER_GLOBAL_ACCENT_COLOR_NAME = AccentColor;
				CODE_SIGN_STYLE = Automatic;
				DEVELOPMENT_TEAM = 36PGKAW8D8;
				INFOPLIST_FILE = ParsePhotoApp/Info.plist;
				LD_RUNPATH_SEARCH_PATHS = (
					"$(inherited)",
					"@executable_path/Frameworks",
				);
				PRODUCT_BUNDLE_IDENTIFIER = com.ogulcandemirtas.ParsePhotoApp;
				PRODUCT_NAME = "$(TARGET_NAME)";
				SWIFT_VERSION = 5.0;
				TARGETED_DEVICE_FAMILY = "1,2";
			};
			name = Debug;
		};
		DA75FF6726D4C37600C8988C /* Release */ = {
			isa = XCBuildConfiguration;
			baseConfigurationReference = 9B59CE5381C4812A29F30BB6 /* Pods-ParsePhotoApp.release.xcconfig */;
			buildSettings = {
				ASSETCATALOG_COMPILER_APPICON_NAME = AppIcon;
				ASSETCATALOG_COMPILER_GLOBAL_ACCENT_COLOR_NAME = AccentColor;
				CODE_SIGN_STYLE = Automatic;
				DEVELOPMENT_TEAM = 36PGKAW8D8;
				INFOPLIST_FILE = ParsePhotoApp/Info.plist;
				LD_RUNPATH_SEARCH_PATHS = (
					"$(inherited)",
					"@executable_path/Frameworks",
				);
				PRODUCT_BUNDLE_IDENTIFIER = com.ogulcandemirtas.ParsePhotoApp;
				PRODUCT_NAME = "$(TARGET_NAME)";
				SWIFT_VERSION = 5.0;
				TARGETED_DEVICE_FAMILY = "1,2";
			};
			name = Release;
		};
/* End XCBuildConfiguration section */

/* Begin XCConfigurationList section */
		DA75FF4C26D4C37500C8988C /* Build configuration list for PBXProject "ParsePhotoApp" */ = {
			isa = XCConfigurationList;
			buildConfigurations = (
				DA75FF6326D4C37600C8988C /* Debug */,
				DA75FF6426D4C37600C8988C /* Release */,
			);
			defaultConfigurationIsVisible = 0;
			defaultConfigurationName = Release;
		};
		DA75FF6526D4C37600C8988C /* Build configuration list for PBXNativeTarget "ParsePhotoApp" */ = {
			isa = XCConfigurationList;
			buildConfigurations = (
				DA75FF6626D4C37600C8988C /* Debug */,
				DA75FF6726D4C37600C8988C /* Release */,
			);
			defaultConfigurationIsVisible = 0;
			defaultConfigurationName = Release;
		};
/* End XCConfigurationList section */
	};
	rootObject = DA75FF4926D4C37500C8988C /* Project object */;
}
